<?xml version="1.0" encoding="utf-8"?>
<Project ToolsVersion="4.0" xmlns="http://schemas.microsoft.com/developer/msbuild/2003">
  <ItemGroup>
    <Filter Include="소스 파일">
      <UniqueIdentifier>{4FC737F1-C7A5-4376-A066-2A32D752A2FF}</UniqueIdentifier>
      <Extensions>cpp;c;cc;cxx;c++;cppm;ixx;def;odl;idl;hpj;bat;asm;asmx</Extensions>
    </Filter>
    <Filter Include="헤더 파일">
      <UniqueIdentifier>{93995380-89BD-4b04-88EB-625FBE52EBFB}</UniqueIdentifier>
      <Extensions>h;hh;hpp;hxx;h++;hm;inl;inc;ipp;xsd</Extensions>
    </Filter>
    <Filter Include="리소스 파일">
      <UniqueIdentifier>{67DA6AB6-F800-4c08-8B7A-83BB121AAD01}</UniqueIdentifier>
      <Extensions>rc;ico;cur;bmp;dlg;rc2;rct;bin;rgs;gif;jpg;jpeg;jpe;resx;tiff;tif;png;wav;mfcribbon-ms</Extensions>
    </Filter>
    <Filter Include="소스 파일\CH1">
      <UniqueIdentifier>{a97472cb-fd48-4a1d-aac8-bf64901ea1c1}</UniqueIdentifier>
    </Filter>
    <Filter Include="소스 파일\CH1\1-1">
      <UniqueIdentifier>{ae24639a-d7c3-4e5e-8bc9-b31b831011d5}</UniqueIdentifier>
    </Filter>
    <Filter Include="소스 파일\CH1\1-2">
      <UniqueIdentifier>{ae7938d9-fe3b-45f3-937f-5b03368a19fa}</UniqueIdentifier>
    </Filter>
    <Filter Include="소스 파일\CH1\1-3">
      <UniqueIdentifier>{e9a0ad37-8efc-4a22-8fc9-8969df72823f}</UniqueIdentifier>
    </Filter>
    <Filter Include="소스 파일\CH1\1-4">
      <UniqueIdentifier>{d36cddf9-4bd5-4bab-b023-a012f6214d85}</UniqueIdentifier>
    </Filter>
    <Filter Include="소스 파일\CH1\1-5">
      <UniqueIdentifier>{d07d2bf2-f97d-4e42-8cbf-8711b19d4629}</UniqueIdentifier>
    </Filter>
    <Filter Include="소스 파일\CH1\1-1\test">
      <UniqueIdentifier>{8e772eba-9bca-4a80-8c9c-3953e559e399}</UniqueIdentifier>
    </Filter>
    <Filter Include="소스 파일\CH1\1-1\ex">
      <UniqueIdentifier>{95151c13-7202-41e7-97fb-fdda65c02753}</UniqueIdentifier>
    </Filter>
    <Filter Include="소스 파일\CH1\1-2\ex">
      <UniqueIdentifier>{7534cc7a-1e0d-4f7f-b69e-41c516bd8797}</UniqueIdentifier>
    </Filter>
    <Filter Include="소스 파일\CH1\1-2\test">
      <UniqueIdentifier>{4998c443-2b48-4a61-b583-dc064246f64e}</UniqueIdentifier>
    </Filter>
    <Filter Include="소스 파일\CH1\1-3\ex">
      <UniqueIdentifier>{d4730031-cc99-43c4-a232-288d75cd05ea}</UniqueIdentifier>
    </Filter>
    <Filter Include="소스 파일\CH1\1-3\test">
      <UniqueIdentifier>{a643acd9-b168-46e2-b87d-c1f1e8136289}</UniqueIdentifier>
    </Filter>
    <Filter Include="소스 파일\CH1\1-4\ex">
      <UniqueIdentifier>{a3f4bac3-7af0-425a-8117-1a7d4e7293eb}</UniqueIdentifier>
    </Filter>
    <Filter Include="소스 파일\CH1\1-4\test">
      <UniqueIdentifier>{946df8be-98bc-4a37-9db5-4725e8d42dc5}</UniqueIdentifier>
    </Filter>
    <Filter Include="소스 파일\CH1\1-5\ex">
      <UniqueIdentifier>{54c1fcb1-4bd5-45dd-94ab-ed515467e0b5}</UniqueIdentifier>
    </Filter>
    <Filter Include="소스 파일\CH1\1-5\test">
      <UniqueIdentifier>{f0b4e9ad-005b-432c-ba34-81c9abcc6404}</UniqueIdentifier>
    </Filter>
    <Filter Include="소스 파일\CH1\1-5\test\CPP_STUDY_1-5_TEST1">
      <UniqueIdentifier>{6eb113e7-94c2-4cbb-85cc-749b58387da9}</UniqueIdentifier>
    </Filter>
    <Filter Include="소스 파일\CH1\1-5\test\CPP_STUDY_1-5_TEST1\답안지">
      <UniqueIdentifier>{61deb62d-a967-4f4f-b280-355a5c4dd936}</UniqueIdentifier>
    </Filter>
    <Filter Include="소스 파일\CH1\1-5\test\CPP_STUDY_1-5_TEST1\답안 작성">
      <UniqueIdentifier>{6b94c769-a6b5-4b73-a139-39ea23f10206}</UniqueIdentifier>
    </Filter>
  </ItemGroup>
  <ItemGroup>
    <ClCompile Include="CPP_STUDY_1-1_TEST1.cpp">
      <Filter>소스 파일\CH1\1-1\test</Filter>
    </ClCompile>
    <ClCompile Include="CPP_STUDY_1-1_TEST2.cpp">
      <Filter>소스 파일\CH1\1-1\test</Filter>
    </ClCompile>
    <ClCompile Include="CPP_STUDY_1-1_TEST3.cpp">
      <Filter>소스 파일\CH1\1-1\test</Filter>
    </ClCompile>
    <ClCompile Include="CPP_STUDY_1-1_TEST4.cpp">
      <Filter>소스 파일\CH1\1-1\test</Filter>
    </ClCompile>
    <ClCompile Include="CPP_STUDY_1-1_1.cpp">
      <Filter>소스 파일\CH1\1-1\ex</Filter>
    </ClCompile>
    <ClCompile Include="CPP_STUDY_1-1_2.cpp">
      <Filter>소스 파일\CH1\1-1\ex</Filter>
    </ClCompile>
    <ClCompile Include="CPP_STUDY_1-1_3.cpp">
      <Filter>소스 파일\CH1\1-1\ex</Filter>
    </ClCompile>
    <ClCompile Include="CPP_STUDY_1-1_4.cpp">
      <Filter>소스 파일\CH1\1-1\ex</Filter>
    </ClCompile>
    <ClCompile Include="CPP_STUDY_1-2_1.cpp">
      <Filter>소스 파일\CH1\1-2\ex</Filter>
    </ClCompile>
    <ClCompile Include="CPP_STUDY_1-2_2.cpp">
      <Filter>소스 파일\CH1\1-2\ex</Filter>
    </ClCompile>
    <ClCompile Include="CPP_STUDY_1-2_TEST1.cpp">
      <Filter>소스 파일\CH1\1-2\test</Filter>
    </ClCompile>
    <ClCompile Include="CPP_STUDY_1-3_1.cpp">
      <Filter>소스 파일\CH1\1-3\ex</Filter>
    </ClCompile>
    <ClCompile Include="CPP_STUDY_1-3_2.cpp">
      <Filter>소스 파일\CH1\1-3\ex</Filter>
    </ClCompile>
    <ClCompile Include="CPP_STUDY_1-3_TEST1.CPP">
      <Filter>소스 파일\CH1\1-3\test</Filter>
    </ClCompile>
    <ClCompile Include="CPP_STUDY_1-3_TEST2.txt">
      <Filter>소스 파일\CH1\1-3\test</Filter>
    </ClCompile>
    <ClCompile Include="CPP_STUDY_1-4_1.cpp">
      <Filter>소스 파일\CH1\1-4\ex</Filter>
    </ClCompile>
    <ClCompile Include="CPP_STUDY_1-4_2.cpp">
      <Filter>소스 파일\CH1\1-4\ex</Filter>
    </ClCompile>
    <ClCompile Include="CPP_STUDY_1-5_1.cpp">
      <Filter>소스 파일\CH1\1-5\ex</Filter>
    </ClCompile>
    <ClCompile Include="CPP_STUDY_1-5_2.cpp">
      <Filter>소스 파일\CH1\1-5\ex</Filter>
    </ClCompile>
    <ClCompile Include="CPP_STUDY_1-5_3.cpp">
      <Filter>소스 파일\CH1\1-5\ex</Filter>
    </ClCompile>
    <ClCompile Include="CPP_STUDY_1-5_4.cpp">
      <Filter>소스 파일\CH1\1-5\ex</Filter>
    </ClCompile>
    <ClCompile Include="CPP_STUDY_1-5_5.cpp">
      <Filter>소스 파일\CH1\1-5\ex</Filter>
    </ClCompile>
    <ClCompile Include="CPP_STUDY_1-5_6.cpp">
      <Filter>소스 파일\CH1\1-5\ex</Filter>
    </ClCompile>
    <ClCompile Include="CPP_STUDY_1-5_7.cpp">
      <Filter>소스 파일\CH1\1-5\ex</Filter>
    </ClCompile>
    <ClCompile Include="SimpleFunc.cpp">
      <Filter>소스 파일\CH1\1-5\test\CPP_STUDY_1-5_TEST1\답안지</Filter>
    </ClCompile>
    <ClCompile Include="SimpleMain.cpp">
      <Filter>소스 파일\CH1\1-5\test\CPP_STUDY_1-5_TEST1\답안지</Filter>
    </ClCompile>
    <ClCompile Include="main.cpp">
      <Filter>소스 파일\CH1\1-5\test\CPP_STUDY_1-5_TEST1\답안 작성</Filter>
    </ClCompile>
    <ClCompile Include="NameSp2.cpp">
      <Filter>소스 파일\CH1\1-5\test\CPP_STUDY_1-5_TEST1\답안 작성</Filter>
    </ClCompile>
    <ClCompile Include="CPP_STUDY_1-5_8.cpp">
      <Filter>소스 파일\CH1\1-5\ex</Filter>
    </ClCompile>
    <ClCompile Include="CPP_STUDY_1-5_9.cpp">
      <Filter>소스 파일\CH1\1-5\ex</Filter>
    </ClCompile>
  </ItemGroup>
  <ItemGroup>
    <ClInclude Include="SimpleFunc.h">
      <Filter>소스 파일\CH1\1-5\test\CPP_STUDY_1-5_TEST1\답안지</Filter>
    </ClInclude>
    <ClInclude Include="NameSp2.h">
      <Filter>소스 파일\CH1\1-5\test\CPP_STUDY_1-5_TEST1\답안 작성</Filter>
    </ClInclude>
  </ItemGroup>
</Project>